
Microsoft Visual Studio Solution File, Format Version 12.00
# Visual Studio Version 16
VisualStudioVersion = 16.0.32630.194
MinimumVisualStudioVersion = 10.0.40219.1
Project("{FAE04EC0-301F-11D3-BF4B-00C04F79EFBC}") = "baselab1", "baselab1\baselab1.csproj", "{56B1F520-35B8-48CE-9D5E-4BCAEACDF28F}"
EndProject
Global
	GlobalSection(SolutionConfigurationPlatforms) = preSolution
		Debug|Any CPU = Debug|Any CPU
		Release|Any CPU = Release|Any CPU
	EndGlobalSection
	GlobalSection(ProjectConfigurationPlatforms) = postSolution
		{56B1F520-35B8-48CE-9D5E-4BCAEACDF28F}.Debug|Any CPU.ActiveCfg = Debug|Any CPU
		{56B1F520-35B8-48CE-9D5E-4BCAEACDF28F}.Debug|Any CPU.Build.0 = Debug|Any CPU
		{56B1F520-35B8-48CE-9D5E-4BCAEACDF28F}.Release|Any CPU.ActiveCfg = Release|Any CPU
		{56B1F520-35B8-48CE-9D5E-4BCAEACDF28F}.Release|Any CPU.Build.0 = Release|Any CPU
	EndGlobalSection
	GlobalSection(SolutionProperties) = preSolution
		HideSolutionNode = FALSE
	EndGlobalSection
	GlobalSection(ExtensibilityGlobals) = postSolution
		SolutionGuid = {ABFD5C6C-BA2F-481C-A133-D514BBDEDD5C}
	EndGlobalSection
EndGlobal
